
Microsoft Visual Studio Solution File, Format Version 12.00
# Visual Studio Version 17
VisualStudioVersion = 17.5.33502.453
MinimumVisualStudioVersion = 10.0.40219.1
Project("{8BC9CEB8-8B4A-11D0-8D11-00A0C91BC942}") = "libmonad", "lib\lib.vcxproj", "{A63D4542-48CA-4D12-ACAE-F35A729C40D0}"
EndProject
Project("{8BC9CEB8-8B4A-11D0-8D11-00A0C91BC942}") = "Tests", "Tests\Tests.vcxproj", "{CDB1EF51-1996-4362-8DA3-54575EFC516C}"
EndProject
Project("{2150E333-8FDC-42A3-9474-1A3956D46DE8}") = "Solution Items", "Solution Items", "{A968E605-D60B-4B8A-8598-64686AD4D497}"
	ProjectSection(SolutionItems) = preProject
		README.md = README.md
	EndProjectSection
EndProject
Global
	GlobalSection(SolutionConfigurationPlatforms) = preSolution
		Debug|x64 = Debug|x64
		Debug|x86 = Debug|x86
		Release|x64 = Release|x64
		Release|x86 = Release|x86
	EndGlobalSection
	GlobalSection(ProjectConfigurationPlatforms) = postSolution
		{A63D4542-48CA-4D12-ACAE-F35A729C40D0}.Debug|x64.ActiveCfg = Debug|x64
		{A63D4542-48CA-4D12-ACAE-F35A729C40D0}.Debug|x64.Build.0 = Debug|x64
		{A63D4542-48CA-4D12-ACAE-F35A729C40D0}.Debug|x86.ActiveCfg = Debug|Win32
		{A63D4542-48CA-4D12-ACAE-F35A729C40D0}.Debug|x86.Build.0 = Debug|Win32
		{A63D4542-48CA-4D12-ACAE-F35A729C40D0}.Release|x64.ActiveCfg = Release|x64
		{A63D4542-48CA-4D12-ACAE-F35A729C40D0}.Release|x64.Build.0 = Release|x64
		{A63D4542-48CA-4D12-ACAE-F35A729C40D0}.Release|x86.ActiveCfg = Release|Win32
		{A63D4542-48CA-4D12-ACAE-F35A729C40D0}.Release|x86.Build.0 = Release|Win32
		{CDB1EF51-1996-4362-8DA3-54575EFC516C}.Debug|x64.ActiveCfg = Debug|x64
		{CDB1EF51-1996-4362-8DA3-54575EFC516C}.Debug|x64.Build.0 = Debug|x64
		{CDB1EF51-1996-4362-8DA3-54575EFC516C}.Debug|x86.ActiveCfg = Debug|Win32
		{CDB1EF51-1996-4362-8DA3-54575EFC516C}.Debug|x86.Build.0 = Debug|Win32
		{CDB1EF51-1996-4362-8DA3-54575EFC516C}.Release|x64.ActiveCfg = Release|x64
		{CDB1EF51-1996-4362-8DA3-54575EFC516C}.Release|x64.Build.0 = Release|x64
		{CDB1EF51-1996-4362-8DA3-54575EFC516C}.Release|x86.ActiveCfg = Release|Win32
		{CDB1EF51-1996-4362-8DA3-54575EFC516C}.Release|x86.Build.0 = Release|Win32
	EndGlobalSection
	GlobalSection(SolutionProperties) = preSolution
		HideSolutionNode = FALSE
	EndGlobalSection
	GlobalSection(ExtensibilityGlobals) = postSolution
		SolutionGuid = {9000BB1E-A28F-48E2-906C-658E123ACF2C}
	EndGlobalSection
EndGlobal
